
Microsoft Visual Studio Solution File, Format Version 12.00
# Visual Studio 15
VisualStudioVersion = 15.0.28307.489
MinimumVisualStudioVersion = 10.0.40219.1
Project("{FAE04EC0-301F-11D3-BF4B-00C04F79EFBC}") = "11-15-SQLite", "11-15-SQLite\11-15-SQLite.csproj", "{5EAB7F34-A8A7-4A07-85AB-C61A1858D8BF}"
EndProject
Global
	GlobalSection(SolutionConfigurationPlatforms) = preSolution
		Debug|Any CPU = Debug|Any CPU
		Release|Any CPU = Release|Any CPU
	EndGlobalSection
	GlobalSection(ProjectConfigurationPlatforms) = postSolution
		{5EAB7F34-A8A7-4A07-85AB-C61A1858D8BF}.Debug|Any CPU.ActiveCfg = Debug|Any CPU
		{5EAB7F34-A8A7-4A07-85AB-C61A1858D8BF}.Debug|Any CPU.Build.0 = Debug|Any CPU
		{5EAB7F34-A8A7-4A07-85AB-C61A1858D8BF}.Release|Any CPU.ActiveCfg = Release|Any CPU
		{5EAB7F34-A8A7-4A07-85AB-C61A1858D8BF}.Release|Any CPU.Build.0 = Release|Any CPU
	EndGlobalSection
	GlobalSection(SolutionProperties) = preSolution
		HideSolutionNode = FALSE
	EndGlobalSection
	GlobalSection(ExtensibilityGlobals) = postSolution
		SolutionGuid = {FAEA6AC5-768E-4B30-85E0-3D2DB527609B}
	EndGlobalSection
EndGlobal
